
Microsoft Visual Studio Solution File, Format Version 12.00
# Visual Studio 14
VisualStudioVersion = 14.0.24720.0
MinimumVisualStudioVersion = 10.0.40219.1
Project("{FAE04EC0-301F-11D3-BF4B-00C04F79EFBC}") = "auth-web", "src\web\auth-web\auth-web.csproj", "{F6BE5572-5E76-435F-B8F3-FC3B3EAF2DA7}"
EndProject
Project("{2150E333-8FDC-42A3-9474-1A3956D46DE8}") = "src", "src", "{41A0DD65-A1A7-4D6F-B34D-9FCBC56A8F66}"
EndProject
Project("{2150E333-8FDC-42A3-9474-1A3956D46DE8}") = "web", "web", "{B811A30C-BD26-4EF0-AE82-8236A72BCE8C}"
EndProject
Project("{FAE04EC0-301F-11D3-BF4B-00C04F79EFBC}") = "database-web", "src\web\database-web\database-web.csproj", "{9E3F9ED0-3190-4CBB-86CA-A9D391900501}"
EndProject
Global
	GlobalSection(SolutionConfigurationPlatforms) = preSolution
		Debug|Any CPU = Debug|Any CPU
		Release|Any CPU = Release|Any CPU
	EndGlobalSection
	GlobalSection(ProjectConfigurationPlatforms) = postSolution
		{F6BE5572-5E76-435F-B8F3-FC3B3EAF2DA7}.Debug|Any CPU.ActiveCfg = Debug|Any CPU
		{F6BE5572-5E76-435F-B8F3-FC3B3EAF2DA7}.Debug|Any CPU.Build.0 = Debug|Any CPU
		{F6BE5572-5E76-435F-B8F3-FC3B3EAF2DA7}.Release|Any CPU.ActiveCfg = Release|Any CPU
		{F6BE5572-5E76-435F-B8F3-FC3B3EAF2DA7}.Release|Any CPU.Build.0 = Release|Any CPU
		{9E3F9ED0-3190-4CBB-86CA-A9D391900501}.Debug|Any CPU.ActiveCfg = Debug|Any CPU
		{9E3F9ED0-3190-4CBB-86CA-A9D391900501}.Debug|Any CPU.Build.0 = Debug|Any CPU
		{9E3F9ED0-3190-4CBB-86CA-A9D391900501}.Release|Any CPU.ActiveCfg = Release|Any CPU
		{9E3F9ED0-3190-4CBB-86CA-A9D391900501}.Release|Any CPU.Build.0 = Release|Any CPU
	EndGlobalSection
	GlobalSection(SolutionProperties) = preSolution
		HideSolutionNode = FALSE
	EndGlobalSection
	GlobalSection(NestedProjects) = preSolution
		{F6BE5572-5E76-435F-B8F3-FC3B3EAF2DA7} = {B811A30C-BD26-4EF0-AE82-8236A72BCE8C}
		{B811A30C-BD26-4EF0-AE82-8236A72BCE8C} = {41A0DD65-A1A7-4D6F-B34D-9FCBC56A8F66}
		{9E3F9ED0-3190-4CBB-86CA-A9D391900501} = {B811A30C-BD26-4EF0-AE82-8236A72BCE8C}
	EndGlobalSection
EndGlobal
