
Microsoft Visual Studio Solution File, Format Version 12.00
# Visual Studio 14
VisualStudioVersion = 14.0.24720.0
MinimumVisualStudioVersion = 10.0.40219.1
Project("{FAE04EC0-301F-11D3-BF4B-00C04F79EFBC}") = "auth-web", "src\auth\auth-web\auth-web.csproj", "{F6BE5572-5E76-435F-B8F3-FC3B3EAF2DA7}"
	ProjectSection(ProjectDependencies) = postProject
		{1C37E724-D209-4F1E-BC48-5F4FF33D1BCC} = {1C37E724-D209-4F1E-BC48-5F4FF33D1BCC}
	EndProjectSection
EndProject
Project("{2150E333-8FDC-42A3-9474-1A3956D46DE8}") = "src", "src", "{41A0DD65-A1A7-4D6F-B34D-9FCBC56A8F66}"
EndProject
Project("{FAE04EC0-301F-11D3-BF4B-00C04F79EFBC}") = "database-web", "src\database\database-web\database-web.csproj", "{9E3F9ED0-3190-4CBB-86CA-A9D391900501}"
EndProject
Project("{FAE04EC0-301F-11D3-BF4B-00C04F79EFBC}") = "auth-contracts", "src\auth\auth-contracts\auth-contracts.csproj", "{9C66DFD5-872B-46F6-A6FD-67856662BDD0}"
EndProject
Project("{2150E333-8FDC-42A3-9474-1A3956D46DE8}") = "legacy", "legacy", "{F2064F44-7458-4DD1-9251-BB345978792C}"
EndProject
Project("{FAE04EC0-301F-11D3-BF4B-00C04F79EFBC}") = "Model", "src\legacy\kcsara-database\src\Model\Model.csproj", "{EAE01EC9-F91D-4B72-A648-6AC96E688CCE}"
EndProject
Project("{FAE04EC0-301F-11D3-BF4B-00C04F79EFBC}") = "database-services", "src\database\database-services\database-services.csproj", "{1C37E724-D209-4F1E-BC48-5F4FF33D1BCC}"
EndProject
Project("{2150E333-8FDC-42A3-9474-1A3956D46DE8}") = "common", "common", "{E4FB472D-7E30-47BD-B890-6796A62A7914}"
EndProject
Project("{FAE04EC0-301F-11D3-BF4B-00C04F79EFBC}") = "common-model", "src\common\common-model\common-model.csproj", "{4C29DF64-BD7B-44E0-992F-F92D13CB39E1}"
EndProject
Project("{2150E333-8FDC-42A3-9474-1A3956D46DE8}") = "auth", "auth", "{9DA61196-9A3F-4082-872E-E906A4B732B3}"
EndProject
Project("{2150E333-8FDC-42A3-9474-1A3956D46DE8}") = "database", "database", "{472712E1-9993-4AD9-BE39-BEA42C27573F}"
EndProject
Project("{FAE04EC0-301F-11D3-BF4B-00C04F79EFBC}") = "common-services", "src\common\common-services\common-services.csproj", "{E653C022-5018-44EF-B4A7-495EEE77B348}"
EndProject
Global
	GlobalSection(SolutionConfigurationPlatforms) = preSolution
		Debug|Any CPU = Debug|Any CPU
		Deploy|Any CPU = Deploy|Any CPU
		Release|Any CPU = Release|Any CPU
	EndGlobalSection
	GlobalSection(ProjectConfigurationPlatforms) = postSolution
		{F6BE5572-5E76-435F-B8F3-FC3B3EAF2DA7}.Debug|Any CPU.ActiveCfg = Debug|Any CPU
		{F6BE5572-5E76-435F-B8F3-FC3B3EAF2DA7}.Debug|Any CPU.Build.0 = Debug|Any CPU
		{F6BE5572-5E76-435F-B8F3-FC3B3EAF2DA7}.Deploy|Any CPU.ActiveCfg = Debug|Any CPU
		{F6BE5572-5E76-435F-B8F3-FC3B3EAF2DA7}.Deploy|Any CPU.Build.0 = Debug|Any CPU
		{F6BE5572-5E76-435F-B8F3-FC3B3EAF2DA7}.Release|Any CPU.ActiveCfg = Release|Any CPU
		{F6BE5572-5E76-435F-B8F3-FC3B3EAF2DA7}.Release|Any CPU.Build.0 = Release|Any CPU
		{9E3F9ED0-3190-4CBB-86CA-A9D391900501}.Debug|Any CPU.ActiveCfg = Debug|Any CPU
		{9E3F9ED0-3190-4CBB-86CA-A9D391900501}.Debug|Any CPU.Build.0 = Debug|Any CPU
		{9E3F9ED0-3190-4CBB-86CA-A9D391900501}.Deploy|Any CPU.ActiveCfg = Debug|Any CPU
		{9E3F9ED0-3190-4CBB-86CA-A9D391900501}.Deploy|Any CPU.Build.0 = Debug|Any CPU
		{9E3F9ED0-3190-4CBB-86CA-A9D391900501}.Release|Any CPU.ActiveCfg = Release|Any CPU
		{9E3F9ED0-3190-4CBB-86CA-A9D391900501}.Release|Any CPU.Build.0 = Release|Any CPU
		{9C66DFD5-872B-46F6-A6FD-67856662BDD0}.Debug|Any CPU.ActiveCfg = Debug|Any CPU
		{9C66DFD5-872B-46F6-A6FD-67856662BDD0}.Debug|Any CPU.Build.0 = Debug|Any CPU
		{9C66DFD5-872B-46F6-A6FD-67856662BDD0}.Deploy|Any CPU.ActiveCfg = Debug|Any CPU
		{9C66DFD5-872B-46F6-A6FD-67856662BDD0}.Deploy|Any CPU.Build.0 = Debug|Any CPU
		{9C66DFD5-872B-46F6-A6FD-67856662BDD0}.Release|Any CPU.ActiveCfg = Release|Any CPU
		{9C66DFD5-872B-46F6-A6FD-67856662BDD0}.Release|Any CPU.Build.0 = Release|Any CPU
		{EAE01EC9-F91D-4B72-A648-6AC96E688CCE}.Debug|Any CPU.ActiveCfg = Debug|Any CPU
		{EAE01EC9-F91D-4B72-A648-6AC96E688CCE}.Debug|Any CPU.Build.0 = Debug|Any CPU
		{EAE01EC9-F91D-4B72-A648-6AC96E688CCE}.Deploy|Any CPU.ActiveCfg = Deploy|Any CPU
		{EAE01EC9-F91D-4B72-A648-6AC96E688CCE}.Deploy|Any CPU.Build.0 = Deploy|Any CPU
		{EAE01EC9-F91D-4B72-A648-6AC96E688CCE}.Release|Any CPU.ActiveCfg = Release|Any CPU
		{EAE01EC9-F91D-4B72-A648-6AC96E688CCE}.Release|Any CPU.Build.0 = Release|Any CPU
		{1C37E724-D209-4F1E-BC48-5F4FF33D1BCC}.Debug|Any CPU.ActiveCfg = Debug|Any CPU
		{1C37E724-D209-4F1E-BC48-5F4FF33D1BCC}.Debug|Any CPU.Build.0 = Debug|Any CPU
		{1C37E724-D209-4F1E-BC48-5F4FF33D1BCC}.Deploy|Any CPU.ActiveCfg = Debug|Any CPU
		{1C37E724-D209-4F1E-BC48-5F4FF33D1BCC}.Deploy|Any CPU.Build.0 = Debug|Any CPU
		{1C37E724-D209-4F1E-BC48-5F4FF33D1BCC}.Release|Any CPU.ActiveCfg = Release|Any CPU
		{1C37E724-D209-4F1E-BC48-5F4FF33D1BCC}.Release|Any CPU.Build.0 = Release|Any CPU
		{4C29DF64-BD7B-44E0-992F-F92D13CB39E1}.Debug|Any CPU.ActiveCfg = Debug|Any CPU
		{4C29DF64-BD7B-44E0-992F-F92D13CB39E1}.Debug|Any CPU.Build.0 = Debug|Any CPU
		{4C29DF64-BD7B-44E0-992F-F92D13CB39E1}.Deploy|Any CPU.ActiveCfg = Debug|Any CPU
		{4C29DF64-BD7B-44E0-992F-F92D13CB39E1}.Deploy|Any CPU.Build.0 = Debug|Any CPU
		{4C29DF64-BD7B-44E0-992F-F92D13CB39E1}.Release|Any CPU.ActiveCfg = Release|Any CPU
		{4C29DF64-BD7B-44E0-992F-F92D13CB39E1}.Release|Any CPU.Build.0 = Release|Any CPU
		{E653C022-5018-44EF-B4A7-495EEE77B348}.Debug|Any CPU.ActiveCfg = Debug|Any CPU
		{E653C022-5018-44EF-B4A7-495EEE77B348}.Debug|Any CPU.Build.0 = Debug|Any CPU
		{E653C022-5018-44EF-B4A7-495EEE77B348}.Deploy|Any CPU.ActiveCfg = Debug|Any CPU
		{E653C022-5018-44EF-B4A7-495EEE77B348}.Deploy|Any CPU.Build.0 = Debug|Any CPU
		{E653C022-5018-44EF-B4A7-495EEE77B348}.Release|Any CPU.ActiveCfg = Release|Any CPU
		{E653C022-5018-44EF-B4A7-495EEE77B348}.Release|Any CPU.Build.0 = Release|Any CPU
	EndGlobalSection
	GlobalSection(SolutionProperties) = preSolution
		HideSolutionNode = FALSE
	EndGlobalSection
	GlobalSection(NestedProjects) = preSolution
		{F6BE5572-5E76-435F-B8F3-FC3B3EAF2DA7} = {9DA61196-9A3F-4082-872E-E906A4B732B3}
		{9E3F9ED0-3190-4CBB-86CA-A9D391900501} = {472712E1-9993-4AD9-BE39-BEA42C27573F}
		{9C66DFD5-872B-46F6-A6FD-67856662BDD0} = {9DA61196-9A3F-4082-872E-E906A4B732B3}
		{F2064F44-7458-4DD1-9251-BB345978792C} = {41A0DD65-A1A7-4D6F-B34D-9FCBC56A8F66}
		{EAE01EC9-F91D-4B72-A648-6AC96E688CCE} = {F2064F44-7458-4DD1-9251-BB345978792C}
		{1C37E724-D209-4F1E-BC48-5F4FF33D1BCC} = {472712E1-9993-4AD9-BE39-BEA42C27573F}
		{E4FB472D-7E30-47BD-B890-6796A62A7914} = {41A0DD65-A1A7-4D6F-B34D-9FCBC56A8F66}
		{4C29DF64-BD7B-44E0-992F-F92D13CB39E1} = {E4FB472D-7E30-47BD-B890-6796A62A7914}
		{9DA61196-9A3F-4082-872E-E906A4B732B3} = {41A0DD65-A1A7-4D6F-B34D-9FCBC56A8F66}
		{472712E1-9993-4AD9-BE39-BEA42C27573F} = {41A0DD65-A1A7-4D6F-B34D-9FCBC56A8F66}
		{E653C022-5018-44EF-B4A7-495EEE77B348} = {E4FB472D-7E30-47BD-B890-6796A62A7914}
	EndGlobalSection
EndGlobal
